# THIS IS AN AUTOGENERATED FILE. DO NOT EDIT THIS FILE DIRECTLY.
# yarn lockfile v1


csv-parse@^4.8.3:
  version "4.8.3"
  resolved "https://registry.yarnpkg.com/csv-parse/-/csv-parse-4.8.3.tgz#9f9b66c3e7e30409dba3d08ecd89eaa04b320659"
  integrity sha512-0GPxubzYzSn08lhNTWDCkcDKn8krmw0WuscqB2RrW6sugGGskbwaaEz7PCFFwbQ0phNGTTieiyfzzu3S/jZZ7Q==
